
Microsoft Visual Studio Solution File, Format Version 12.00
# Visual Studio Version 17
VisualStudioVersion = 17.0.31808.319
MinimumVisualStudioVersion = 10.0.40219.1
Project("{9A19103F-16F7-4668-BE54-9A1E7A4F7556}") = "Game.Core", "Game.Core\Game.Core.csproj", "{27EB2E61-C0FF-490C-8FFA-751A0FC79878}"
EndProject
Project("{9A19103F-16F7-4668-BE54-9A1E7A4F7556}") = "Game.WinForms", "Game.WinForms\Game.WinForms.csproj", "{F654347B-F88C-4AF3-86C9-ACA773453C06}"
EndProject
Global
	GlobalSection(SolutionConfigurationPlatforms) = preSolution
		Debug|Any CPU = Debug|Any CPU
		Release|Any CPU = Release|Any CPU
	EndGlobalSection
	GlobalSection(ProjectConfigurationPlatforms) = postSolution
		{27EB2E61-C0FF-490C-8FFA-751A0FC79878}.Debug|Any CPU.ActiveCfg = Debug|Any CPU
		{27EB2E61-C0FF-490C-8FFA-751A0FC79878}.Debug|Any CPU.Build.0 = Debug|Any CPU
		{27EB2E61-C0FF-490C-8FFA-751A0FC79878}.Release|Any CPU.ActiveCfg = Release|Any CPU
		{27EB2E61-C0FF-490C-8FFA-751A0FC79878}.Release|Any CPU.Build.0 = Release|Any CPU
		{F654347B-F88C-4AF3-86C9-ACA773453C06}.Debug|Any CPU.ActiveCfg = Debug|Any CPU
		{F654347B-F88C-4AF3-86C9-ACA773453C06}.Debug|Any CPU.Build.0 = Debug|Any CPU
		{F654347B-F88C-4AF3-86C9-ACA773453C06}.Release|Any CPU.ActiveCfg = Release|Any CPU
		{F654347B-F88C-4AF3-86C9-ACA773453C06}.Release|Any CPU.Build.0 = Release|Any CPU
	EndGlobalSection
	GlobalSection(SolutionProperties) = preSolution
		HideSolutionNode = FALSE
	EndGlobalSection
	GlobalSection(ExtensibilityGlobals) = postSolution
		SolutionGuid = {28AFA4B4-2043-41AA-81D8-7ABB312AC2DB}
	EndGlobalSection
EndGlobal
